
Microsoft Visual Studio Solution File, Format Version 12.00
# Visual Studio Version 17
VisualStudioVersion = 17.8.34525.116
MinimumVisualStudioVersion = 10.0.40219.1
Project("{2150E333-8FDC-42A3-9474-1A3956D46DE8}") = "App", "App", "{1D8489AA-15D9-4EEA-8615-CD9892216B3D}"
EndProject
Project("{2150E333-8FDC-42A3-9474-1A3956D46DE8}") = "1.AppHost", "1.AppHost", "{5BCAF184-996C-47B8-9A02-4909A121E92E}"
EndProject
Project("{9A19103F-16F7-4668-BE54-9A1E7A4F7556}") = "AppHost.Extensions.DependencyInjection", "AppHost.Extensions.DependencyInjection\AppHost.Extensions.DependencyInjection.csproj", "{840C3CE0-757C-4095-BA0D-5D3FE3C8EA16}"
EndProject
Project("{9A19103F-16F7-4668-BE54-9A1E7A4F7556}") = "AppHost.Builder", "AppHost.Builder\AppHost.Builder.csproj", "{190658C2-60E3-475A-9154-8A6DA4DA2594}"
EndProject
Project("{9A19103F-16F7-4668-BE54-9A1E7A4F7556}") = "AppHost.Extensions.Hosting", "AppHost.Extensions.Hosting\AppHost.Extensions.Hosting.csproj", "{FDC628D9-FCA8-462A-8F85-A85FA4EEB036}"
EndProject
Project("{9A19103F-16F7-4668-BE54-9A1E7A4F7556}") = "AppHost.Extensions.Configuration", "AppHost.Extensions.Configuration\AppHost.Extensions.Configuration.csproj", "{144AD2E6-7F27-4B0F-BD24-AEEF73C40742}"
EndProject
Project("{2150E333-8FDC-42A3-9474-1A3956D46DE8}") = "5.Mods", "5.Mods", "{464FDC8D-4380-4125-B384-0A55FE9ADD47}"
EndProject
Project("{2150E333-8FDC-42A3-9474-1A3956D46DE8}") = "3.Service", "3.Service", "{15EAE96D-4CAB-4539-B4C4-6D1A40F52297}"
EndProject
Project("{9A19103F-16F7-4668-BE54-9A1E7A4F7556}") = "AppHost.Common", "AppHost.Common\AppHost.Common.csproj", "{1E0F286E-71BD-485C-B44C-7BD4A7E8869D}"
EndProject
Project("{9A19103F-16F7-4668-BE54-9A1E7A4F7556}") = "MainApp-Avalonia", "MainApp-Avalonia\MainApp-Avalonia.csproj", "{5A18FF82-4BBE-41D6-ADBB-871A7E83566F}"
EndProject
Project("{9A19103F-16F7-4668-BE54-9A1E7A4F7556}") = "MainApp-Avalonia.Desktop", "MainApp-Avalonia.Desktop\MainApp-Avalonia.Desktop.csproj", "{B179E3C8-54D1-4C88-B9FA-577748984B70}"
EndProject
Project("{9A19103F-16F7-4668-BE54-9A1E7A4F7556}") = "ExtenderApp.Abstract", "ExtenderApp.Abstract\ExtenderApp.Abstract.csproj", "{5E722C7E-E2F6-4B4E-9A38-61897F1DC95C}"
EndProject
Project("{9A19103F-16F7-4668-BE54-9A1E7A4F7556}") = "ExtenderApp.MainView", "ExtenderApp.MainView\ExtenderApp.MainView.csproj", "{2E166CBE-A0E2-4A2C-B89C-C5F57C657F45}"
EndProject
Project("{9A19103F-16F7-4668-BE54-9A1E7A4F7556}") = "ExtenderApp.Common", "ExtenderApp.Common\ExtenderApp.Common.csproj", "{B0E25176-A5AF-47D3-A942-865DB62B2A95}"
EndProject
Project("{9A19103F-16F7-4668-BE54-9A1E7A4F7556}") = "ExtenderApp.Models", "ExtenderApp.Models\ExtenderApp.Models.csproj", "{E1DF24FC-6747-4EDF-8839-2277B7BB0D74}"
EndProject
Project("{9A19103F-16F7-4668-BE54-9A1E7A4F7556}") = "ExtenderApp", "ExtenderApp\ExtenderApp.csproj", "{31497CE2-F9F6-450C-8C0E-B0F9F16A63C0}"
EndProject
Project("{9A19103F-16F7-4668-BE54-9A1E7A4F7556}") = "ExtenderApp.Common.SupportPackage", "ExtenderApp.SupportPackage\ExtenderApp.Common.SupportPackage.csproj", "{2F43F8CF-65C4-480D-8C75-6717CFA3FFA9}"
EndProject
Project("{9A19103F-16F7-4668-BE54-9A1E7A4F7556}") = "ExtenderApp.ViewModels", "ExtenderApp.ViewModels\ExtenderApp.ViewModels.csproj", "{B903D5D7-8A36-4D91-92BB-FD101AD878E0}"
EndProject
Project("{9A19103F-16F7-4668-BE54-9A1E7A4F7556}") = "ExtenderApp.Views", "ExtenderApp.Views\ExtenderApp.Views.csproj", "{B7444FBB-E650-4A1F-AC20-3924353B32DC}"
EndProject
Project("{9A19103F-16F7-4668-BE54-9A1E7A4F7556}") = "ExtenderApp.Mods.PPR", "ExtenderApp.Mods.PPR\ExtenderApp.Mods.PPR.csproj", "{AEA5F7F7-CAAD-4E77-95EB-B27B988D8706}"
EndProject
Project("{FAE04EC0-301F-11D3-BF4B-00C04F79EFBC}") = "ExtenderApp.Data", "ExtenderApp.Data\ExtenderApp.Data.csproj", "{0F6FCB06-B860-4A9A-A5F3-69FAB610569B}"
EndProject
Project("{FAE04EC0-301F-11D3-BF4B-00C04F79EFBC}") = "ExtenderApp.Service", "ExtenderApp.Service\ExtenderApp.Service.csproj", "{145E355F-828C-4B38-B7BC-C74104840E99}"
EndProject
Project("{2150E333-8FDC-42A3-9474-1A3956D46DE8}") = "2.Bottom", "2.Bottom", "{9097846F-4A73-4915-8C5B-215B83CF6991}"
EndProject
Project("{2150E333-8FDC-42A3-9474-1A3956D46DE8}") = "4.View", "4.View", "{29595CEA-880F-46CA-B9CF-E770199CE3AA}"
EndProject
Project("{FAE04EC0-301F-11D3-BF4B-00C04F79EFBC}") = "ExtenderApp.Mod", "ExtenderApp.Mod\ExtenderApp.Mod.csproj", "{49C3EA9A-9B2C-45FB-8F8B-0936637D0E1E}"
EndProject
Project("{FAE04EC0-301F-11D3-BF4B-00C04F79EFBC}") = "TestMod", "..\TestMod\TestMod.csproj", "{31CA04CC-1375-4ADA-AD82-67D97CA572F8}"
EndProject
Global
	GlobalSection(SolutionConfigurationPlatforms) = preSolution
		Debug|Any CPU = Debug|Any CPU
		Release|Any CPU = Release|Any CPU
	EndGlobalSection
	GlobalSection(ProjectConfigurationPlatforms) = postSolution
		{840C3CE0-757C-4095-BA0D-5D3FE3C8EA16}.Debug|Any CPU.ActiveCfg = Debug|Any CPU
		{840C3CE0-757C-4095-BA0D-5D3FE3C8EA16}.Debug|Any CPU.Build.0 = Debug|Any CPU
		{840C3CE0-757C-4095-BA0D-5D3FE3C8EA16}.Release|Any CPU.ActiveCfg = Release|Any CPU
		{840C3CE0-757C-4095-BA0D-5D3FE3C8EA16}.Release|Any CPU.Build.0 = Release|Any CPU
		{190658C2-60E3-475A-9154-8A6DA4DA2594}.Debug|Any CPU.ActiveCfg = Debug|Any CPU
		{190658C2-60E3-475A-9154-8A6DA4DA2594}.Debug|Any CPU.Build.0 = Debug|Any CPU
		{190658C2-60E3-475A-9154-8A6DA4DA2594}.Release|Any CPU.ActiveCfg = Release|Any CPU
		{190658C2-60E3-475A-9154-8A6DA4DA2594}.Release|Any CPU.Build.0 = Release|Any CPU
		{FDC628D9-FCA8-462A-8F85-A85FA4EEB036}.Debug|Any CPU.ActiveCfg = Debug|Any CPU
		{FDC628D9-FCA8-462A-8F85-A85FA4EEB036}.Debug|Any CPU.Build.0 = Debug|Any CPU
		{FDC628D9-FCA8-462A-8F85-A85FA4EEB036}.Release|Any CPU.ActiveCfg = Release|Any CPU
		{FDC628D9-FCA8-462A-8F85-A85FA4EEB036}.Release|Any CPU.Build.0 = Release|Any CPU
		{144AD2E6-7F27-4B0F-BD24-AEEF73C40742}.Debug|Any CPU.ActiveCfg = Debug|Any CPU
		{144AD2E6-7F27-4B0F-BD24-AEEF73C40742}.Debug|Any CPU.Build.0 = Debug|Any CPU
		{144AD2E6-7F27-4B0F-BD24-AEEF73C40742}.Release|Any CPU.ActiveCfg = Release|Any CPU
		{144AD2E6-7F27-4B0F-BD24-AEEF73C40742}.Release|Any CPU.Build.0 = Release|Any CPU
		{1E0F286E-71BD-485C-B44C-7BD4A7E8869D}.Debug|Any CPU.ActiveCfg = Debug|Any CPU
		{1E0F286E-71BD-485C-B44C-7BD4A7E8869D}.Debug|Any CPU.Build.0 = Debug|Any CPU
		{1E0F286E-71BD-485C-B44C-7BD4A7E8869D}.Release|Any CPU.ActiveCfg = Release|Any CPU
		{1E0F286E-71BD-485C-B44C-7BD4A7E8869D}.Release|Any CPU.Build.0 = Release|Any CPU
		{5A18FF82-4BBE-41D6-ADBB-871A7E83566F}.Debug|Any CPU.ActiveCfg = Debug|Any CPU
		{5A18FF82-4BBE-41D6-ADBB-871A7E83566F}.Debug|Any CPU.Build.0 = Debug|Any CPU
		{5A18FF82-4BBE-41D6-ADBB-871A7E83566F}.Release|Any CPU.ActiveCfg = Release|Any CPU
		{5A18FF82-4BBE-41D6-ADBB-871A7E83566F}.Release|Any CPU.Build.0 = Release|Any CPU
		{B179E3C8-54D1-4C88-B9FA-577748984B70}.Debug|Any CPU.ActiveCfg = Debug|Any CPU
		{B179E3C8-54D1-4C88-B9FA-577748984B70}.Debug|Any CPU.Build.0 = Debug|Any CPU
		{B179E3C8-54D1-4C88-B9FA-577748984B70}.Release|Any CPU.ActiveCfg = Release|Any CPU
		{B179E3C8-54D1-4C88-B9FA-577748984B70}.Release|Any CPU.Build.0 = Release|Any CPU
		{5E722C7E-E2F6-4B4E-9A38-61897F1DC95C}.Debug|Any CPU.ActiveCfg = Debug|Any CPU
		{5E722C7E-E2F6-4B4E-9A38-61897F1DC95C}.Debug|Any CPU.Build.0 = Debug|Any CPU
		{5E722C7E-E2F6-4B4E-9A38-61897F1DC95C}.Release|Any CPU.ActiveCfg = Release|Any CPU
		{5E722C7E-E2F6-4B4E-9A38-61897F1DC95C}.Release|Any CPU.Build.0 = Release|Any CPU
		{2E166CBE-A0E2-4A2C-B89C-C5F57C657F45}.Debug|Any CPU.ActiveCfg = Debug|Any CPU
		{2E166CBE-A0E2-4A2C-B89C-C5F57C657F45}.Debug|Any CPU.Build.0 = Debug|Any CPU
		{2E166CBE-A0E2-4A2C-B89C-C5F57C657F45}.Release|Any CPU.ActiveCfg = Release|Any CPU
		{2E166CBE-A0E2-4A2C-B89C-C5F57C657F45}.Release|Any CPU.Build.0 = Release|Any CPU
		{B0E25176-A5AF-47D3-A942-865DB62B2A95}.Debug|Any CPU.ActiveCfg = Debug|Any CPU
		{B0E25176-A5AF-47D3-A942-865DB62B2A95}.Debug|Any CPU.Build.0 = Debug|Any CPU
		{B0E25176-A5AF-47D3-A942-865DB62B2A95}.Release|Any CPU.ActiveCfg = Release|Any CPU
		{B0E25176-A5AF-47D3-A942-865DB62B2A95}.Release|Any CPU.Build.0 = Release|Any CPU
		{E1DF24FC-6747-4EDF-8839-2277B7BB0D74}.Debug|Any CPU.ActiveCfg = Debug|Any CPU
		{E1DF24FC-6747-4EDF-8839-2277B7BB0D74}.Debug|Any CPU.Build.0 = Debug|Any CPU
		{E1DF24FC-6747-4EDF-8839-2277B7BB0D74}.Release|Any CPU.ActiveCfg = Release|Any CPU
		{E1DF24FC-6747-4EDF-8839-2277B7BB0D74}.Release|Any CPU.Build.0 = Release|Any CPU
		{31497CE2-F9F6-450C-8C0E-B0F9F16A63C0}.Debug|Any CPU.ActiveCfg = Debug|Any CPU
		{31497CE2-F9F6-450C-8C0E-B0F9F16A63C0}.Debug|Any CPU.Build.0 = Debug|Any CPU
		{31497CE2-F9F6-450C-8C0E-B0F9F16A63C0}.Release|Any CPU.ActiveCfg = Release|Any CPU
		{31497CE2-F9F6-450C-8C0E-B0F9F16A63C0}.Release|Any CPU.Build.0 = Release|Any CPU
		{2F43F8CF-65C4-480D-8C75-6717CFA3FFA9}.Debug|Any CPU.ActiveCfg = Debug|Any CPU
		{2F43F8CF-65C4-480D-8C75-6717CFA3FFA9}.Debug|Any CPU.Build.0 = Debug|Any CPU
		{2F43F8CF-65C4-480D-8C75-6717CFA3FFA9}.Release|Any CPU.ActiveCfg = Release|Any CPU
		{2F43F8CF-65C4-480D-8C75-6717CFA3FFA9}.Release|Any CPU.Build.0 = Release|Any CPU
		{B903D5D7-8A36-4D91-92BB-FD101AD878E0}.Debug|Any CPU.ActiveCfg = Debug|Any CPU
		{B903D5D7-8A36-4D91-92BB-FD101AD878E0}.Debug|Any CPU.Build.0 = Debug|Any CPU
		{B903D5D7-8A36-4D91-92BB-FD101AD878E0}.Release|Any CPU.ActiveCfg = Release|Any CPU
		{B903D5D7-8A36-4D91-92BB-FD101AD878E0}.Release|Any CPU.Build.0 = Release|Any CPU
		{B7444FBB-E650-4A1F-AC20-3924353B32DC}.Debug|Any CPU.ActiveCfg = Debug|Any CPU
		{B7444FBB-E650-4A1F-AC20-3924353B32DC}.Debug|Any CPU.Build.0 = Debug|Any CPU
		{B7444FBB-E650-4A1F-AC20-3924353B32DC}.Release|Any CPU.ActiveCfg = Release|Any CPU
		{B7444FBB-E650-4A1F-AC20-3924353B32DC}.Release|Any CPU.Build.0 = Release|Any CPU
		{AEA5F7F7-CAAD-4E77-95EB-B27B988D8706}.Debug|Any CPU.ActiveCfg = Debug|Any CPU
		{AEA5F7F7-CAAD-4E77-95EB-B27B988D8706}.Debug|Any CPU.Build.0 = Debug|Any CPU
		{AEA5F7F7-CAAD-4E77-95EB-B27B988D8706}.Release|Any CPU.ActiveCfg = Release|Any CPU
		{AEA5F7F7-CAAD-4E77-95EB-B27B988D8706}.Release|Any CPU.Build.0 = Release|Any CPU
		{0F6FCB06-B860-4A9A-A5F3-69FAB610569B}.Debug|Any CPU.ActiveCfg = Debug|Any CPU
		{0F6FCB06-B860-4A9A-A5F3-69FAB610569B}.Debug|Any CPU.Build.0 = Debug|Any CPU
		{0F6FCB06-B860-4A9A-A5F3-69FAB610569B}.Release|Any CPU.ActiveCfg = Release|Any CPU
		{0F6FCB06-B860-4A9A-A5F3-69FAB610569B}.Release|Any CPU.Build.0 = Release|Any CPU
		{145E355F-828C-4B38-B7BC-C74104840E99}.Debug|Any CPU.ActiveCfg = Debug|Any CPU
		{145E355F-828C-4B38-B7BC-C74104840E99}.Debug|Any CPU.Build.0 = Debug|Any CPU
		{145E355F-828C-4B38-B7BC-C74104840E99}.Release|Any CPU.ActiveCfg = Release|Any CPU
		{145E355F-828C-4B38-B7BC-C74104840E99}.Release|Any CPU.Build.0 = Release|Any CPU
		{49C3EA9A-9B2C-45FB-8F8B-0936637D0E1E}.Debug|Any CPU.ActiveCfg = Debug|Any CPU
		{49C3EA9A-9B2C-45FB-8F8B-0936637D0E1E}.Debug|Any CPU.Build.0 = Debug|Any CPU
		{49C3EA9A-9B2C-45FB-8F8B-0936637D0E1E}.Release|Any CPU.ActiveCfg = Release|Any CPU
		{49C3EA9A-9B2C-45FB-8F8B-0936637D0E1E}.Release|Any CPU.Build.0 = Release|Any CPU
		{31CA04CC-1375-4ADA-AD82-67D97CA572F8}.Debug|Any CPU.ActiveCfg = Debug|Any CPU
		{31CA04CC-1375-4ADA-AD82-67D97CA572F8}.Debug|Any CPU.Build.0 = Debug|Any CPU
		{31CA04CC-1375-4ADA-AD82-67D97CA572F8}.Release|Any CPU.ActiveCfg = Release|Any CPU
		{31CA04CC-1375-4ADA-AD82-67D97CA572F8}.Release|Any CPU.Build.0 = Release|Any CPU
	EndGlobalSection
	GlobalSection(SolutionProperties) = preSolution
		HideSolutionNode = FALSE
	EndGlobalSection
	GlobalSection(NestedProjects) = preSolution
		{840C3CE0-757C-4095-BA0D-5D3FE3C8EA16} = {5BCAF184-996C-47B8-9A02-4909A121E92E}
		{190658C2-60E3-475A-9154-8A6DA4DA2594} = {5BCAF184-996C-47B8-9A02-4909A121E92E}
		{FDC628D9-FCA8-462A-8F85-A85FA4EEB036} = {5BCAF184-996C-47B8-9A02-4909A121E92E}
		{144AD2E6-7F27-4B0F-BD24-AEEF73C40742} = {5BCAF184-996C-47B8-9A02-4909A121E92E}
		{1E0F286E-71BD-485C-B44C-7BD4A7E8869D} = {5BCAF184-996C-47B8-9A02-4909A121E92E}
		{5A18FF82-4BBE-41D6-ADBB-871A7E83566F} = {1D8489AA-15D9-4EEA-8615-CD9892216B3D}
		{B179E3C8-54D1-4C88-B9FA-577748984B70} = {1D8489AA-15D9-4EEA-8615-CD9892216B3D}
		{5E722C7E-E2F6-4B4E-9A38-61897F1DC95C} = {9097846F-4A73-4915-8C5B-215B83CF6991}
		{2E166CBE-A0E2-4A2C-B89C-C5F57C657F45} = {29595CEA-880F-46CA-B9CF-E770199CE3AA}
		{B0E25176-A5AF-47D3-A942-865DB62B2A95} = {9097846F-4A73-4915-8C5B-215B83CF6991}
		{E1DF24FC-6747-4EDF-8839-2277B7BB0D74} = {15EAE96D-4CAB-4539-B4C4-6D1A40F52297}
		{31497CE2-F9F6-450C-8C0E-B0F9F16A63C0} = {1D8489AA-15D9-4EEA-8615-CD9892216B3D}
		{2F43F8CF-65C4-480D-8C75-6717CFA3FFA9} = {9097846F-4A73-4915-8C5B-215B83CF6991}
		{B903D5D7-8A36-4D91-92BB-FD101AD878E0} = {15EAE96D-4CAB-4539-B4C4-6D1A40F52297}
		{B7444FBB-E650-4A1F-AC20-3924353B32DC} = {29595CEA-880F-46CA-B9CF-E770199CE3AA}
		{AEA5F7F7-CAAD-4E77-95EB-B27B988D8706} = {464FDC8D-4380-4125-B384-0A55FE9ADD47}
		{0F6FCB06-B860-4A9A-A5F3-69FAB610569B} = {9097846F-4A73-4915-8C5B-215B83CF6991}
		{145E355F-828C-4B38-B7BC-C74104840E99} = {15EAE96D-4CAB-4539-B4C4-6D1A40F52297}
		{49C3EA9A-9B2C-45FB-8F8B-0936637D0E1E} = {15EAE96D-4CAB-4539-B4C4-6D1A40F52297}
		{31CA04CC-1375-4ADA-AD82-67D97CA572F8} = {464FDC8D-4380-4125-B384-0A55FE9ADD47}
	EndGlobalSection
	GlobalSection(ExtensibilityGlobals) = postSolution
		SolutionGuid = {07F96706-A0E9-4590-819E-3841EC1BB7E5}
	EndGlobalSection
EndGlobal
