
Microsoft Visual Studio Solution File, Format Version 12.00
# Visual Studio Version 17
VisualStudioVersion = 17.8.34525.116
MinimumVisualStudioVersion = 10.0.40219.1
Project("{2150E333-8FDC-42A3-9474-1A3956D46DE8}") = "App", "App", "{1D8489AA-15D9-4EEA-8615-CD9892216B3D}"
EndProject
Project("{2150E333-8FDC-42A3-9474-1A3956D46DE8}") = "1.AppHost", "1.AppHost", "{5BCAF184-996C-47B8-9A02-4909A121E92E}"
EndProject
Project("{2150E333-8FDC-42A3-9474-1A3956D46DE8}") = "5.Mods", "5.Mods", "{464FDC8D-4380-4125-B384-0A55FE9ADD47}"
EndProject
Project("{2150E333-8FDC-42A3-9474-1A3956D46DE8}") = "3.Service", "3.Service", "{15EAE96D-4CAB-4539-B4C4-6D1A40F52297}"
EndProject
Project("{9A19103F-16F7-4668-BE54-9A1E7A4F7556}") = "ExtenderApp", "ExtenderApp\ExtenderApp.csproj", "{31497CE2-F9F6-450C-8C0E-B0F9F16A63C0}"
EndProject
Project("{9A19103F-16F7-4668-BE54-9A1E7A4F7556}") = "ExtenderApp.Views", "ExtenderApp.Views\ExtenderApp.Views.csproj", "{B7444FBB-E650-4A1F-AC20-3924353B32DC}"
EndProject
Project("{2150E333-8FDC-42A3-9474-1A3956D46DE8}") = "2.Common", "2.Common", "{9097846F-4A73-4915-8C5B-215B83CF6991}"
EndProject
Project("{2150E333-8FDC-42A3-9474-1A3956D46DE8}") = "4.View", "4.View", "{29595CEA-880F-46CA-B9CF-E770199CE3AA}"
EndProject
Project("{FAE04EC0-301F-11D3-BF4B-00C04F79EFBC}") = "StockMod", "StockMod\StockMod.csproj", "{25CF96B0-2DA4-43FA-9E6F-380CEC44D56D}"
EndProject
Project("{FAE04EC0-301F-11D3-BF4B-00C04F79EFBC}") = "ExtenderApp.Models", "ExtenderApp.Models\ExtenderApp.Models.csproj", "{EFC5D840-120C-49D7-8063-DE0CA0DAFBD2}"
EndProject
Project("{FAE04EC0-301F-11D3-BF4B-00C04F79EFBC}") = "ExtenderApp.Services", "ExtenderApp.Service\ExtenderApp.Services.csproj", "{EA772A2A-9327-4840-9AE3-2A904C75C862}"
EndProject
Project("{FAE04EC0-301F-11D3-BF4B-00C04F79EFBC}") = "ExtenderApp.ViewModels", "ExtenderApp.ViewModels\ExtenderApp.ViewModels.csproj", "{A323A915-AF54-4D0F-9F15-5E8DDBA65FB4}"
EndProject
Project("{FAE04EC0-301F-11D3-BF4B-00C04F79EFBC}") = "ExtenderApp.Abstract", "ExtenderApp.Abstract\ExtenderApp.Abstract.csproj", "{66F72102-A125-4A60-B1BF-275E6A173120}"
EndProject
Project("{FAE04EC0-301F-11D3-BF4B-00C04F79EFBC}") = "ExtenderApp.Common", "ExtenderApp.Common\ExtenderApp.Common.csproj", "{C8CB4B75-CF9A-465C-AE15-6B7819B130A1}"
EndProject
Project("{FAE04EC0-301F-11D3-BF4B-00C04F79EFBC}") = "ExtenderApp.Data", "ExtenderApp.Data\ExtenderApp.Data.csproj", "{44633AA9-DA3C-4B0A-A2CA-9163E7089E66}"
EndProject
Project("{FAE04EC0-301F-11D3-BF4B-00C04F79EFBC}") = "AppHost.Builder", "AppHost.Builder\AppHost.Builder.csproj", "{7305EF07-A175-41DC-BB84-07C1376E0C9F}"
EndProject
Project("{FAE04EC0-301F-11D3-BF4B-00C04F79EFBC}") = "AppHost.Common", "AppHost.Common\AppHost.Common.csproj", "{F9F029CF-3EE6-432E-BE5A-0FAA37D1A5F3}"
EndProject
Project("{FAE04EC0-301F-11D3-BF4B-00C04F79EFBC}") = "AppHost.Extensions.DependencyInjection", "AppHost.Extensions.DependencyInjection\AppHost.Extensions.DependencyInjection.csproj", "{38674CB6-1DC1-4FDD-81BB-ABC7F71AE957}"
EndProject
Project("{FAE04EC0-301F-11D3-BF4B-00C04F79EFBC}") = "AppHost.Extensions.Hosting", "AppHost.Extensions.Hosting\AppHost.Extensions.Hosting.csproj", "{C277AF8F-6F3C-4E54-AD83-98A4232640A7}"
EndProject
Project("{FAE04EC0-301F-11D3-BF4B-00C04F79EFBC}") = "ExtenderApp.ML", "MachineLearning\ExtenderApp.ML.csproj", "{3BCFA064-AC20-4567-9CF2-AA50BFD6367A}"
EndProject
Project("{FAE04EC0-301F-11D3-BF4B-00C04F79EFBC}") = "ExtenderApp.MainViews", "ExtenderApp.MainViews\ExtenderApp.MainViews.csproj", "{BAB4469B-2C46-40F9-A383-FBE8B67A8233}"
EndProject
Project("{FAE04EC0-301F-11D3-BF4B-00C04F79EFBC}") = "ExtenderApp.Media", "ExtenderApp.Media\ExtenderApp.Media.csproj", "{0BA2F8B7-9BA5-48A2-A786-13390A51F452}"
EndProject
Project("{FAE04EC0-301F-11D3-BF4B-00C04F79EFBC}") = "ExtenderApp.LAN", "ExtenderApp.LAN\ExtenderApp.LAN.csproj", "{BBEA66A0-7649-4A65-9134-65CC1DF41717}"
EndProject
Project("{FAE04EC0-301F-11D3-BF4B-00C04F79EFBC}") = "ExtenderApp.Test", "ExtenderApp.Test\ExtenderApp.Test.csproj", "{787AA936-85AD-48D9-960E-F83B43154A69}"
EndProject
Project("{FAE04EC0-301F-11D3-BF4B-00C04F79EFBC}") = "ExtenderApp.Torrents", "ExtenderApp.Torrents\ExtenderApp.Torrents.csproj", "{F5BE35C8-DC6C-4298-CE2B-0D574598ED93}"
EndProject
Global
	GlobalSection(SolutionConfigurationPlatforms) = preSolution
		Debug|Any CPU = Debug|Any CPU
		Release|Any CPU = Release|Any CPU
	EndGlobalSection
	GlobalSection(ProjectConfigurationPlatforms) = postSolution
		{31497CE2-F9F6-450C-8C0E-B0F9F16A63C0}.Debug|Any CPU.ActiveCfg = Debug|Any CPU
		{31497CE2-F9F6-450C-8C0E-B0F9F16A63C0}.Debug|Any CPU.Build.0 = Debug|Any CPU
		{31497CE2-F9F6-450C-8C0E-B0F9F16A63C0}.Release|Any CPU.ActiveCfg = Release|Any CPU
		{31497CE2-F9F6-450C-8C0E-B0F9F16A63C0}.Release|Any CPU.Build.0 = Release|Any CPU
		{B7444FBB-E650-4A1F-AC20-3924353B32DC}.Debug|Any CPU.ActiveCfg = Debug|Any CPU
		{B7444FBB-E650-4A1F-AC20-3924353B32DC}.Debug|Any CPU.Build.0 = Debug|Any CPU
		{B7444FBB-E650-4A1F-AC20-3924353B32DC}.Release|Any CPU.ActiveCfg = Release|Any CPU
		{B7444FBB-E650-4A1F-AC20-3924353B32DC}.Release|Any CPU.Build.0 = Release|Any CPU
		{25CF96B0-2DA4-43FA-9E6F-380CEC44D56D}.Debug|Any CPU.ActiveCfg = Debug|Any CPU
		{25CF96B0-2DA4-43FA-9E6F-380CEC44D56D}.Debug|Any CPU.Build.0 = Debug|Any CPU
		{25CF96B0-2DA4-43FA-9E6F-380CEC44D56D}.Release|Any CPU.ActiveCfg = Release|Any CPU
		{25CF96B0-2DA4-43FA-9E6F-380CEC44D56D}.Release|Any CPU.Build.0 = Release|Any CPU
		{EFC5D840-120C-49D7-8063-DE0CA0DAFBD2}.Debug|Any CPU.ActiveCfg = Debug|Any CPU
		{EFC5D840-120C-49D7-8063-DE0CA0DAFBD2}.Debug|Any CPU.Build.0 = Debug|Any CPU
		{EFC5D840-120C-49D7-8063-DE0CA0DAFBD2}.Release|Any CPU.ActiveCfg = Release|Any CPU
		{EFC5D840-120C-49D7-8063-DE0CA0DAFBD2}.Release|Any CPU.Build.0 = Release|Any CPU
		{EA772A2A-9327-4840-9AE3-2A904C75C862}.Debug|Any CPU.ActiveCfg = Debug|Any CPU
		{EA772A2A-9327-4840-9AE3-2A904C75C862}.Debug|Any CPU.Build.0 = Debug|Any CPU
		{EA772A2A-9327-4840-9AE3-2A904C75C862}.Release|Any CPU.ActiveCfg = Release|Any CPU
		{EA772A2A-9327-4840-9AE3-2A904C75C862}.Release|Any CPU.Build.0 = Release|Any CPU
		{A323A915-AF54-4D0F-9F15-5E8DDBA65FB4}.Debug|Any CPU.ActiveCfg = Debug|Any CPU
		{A323A915-AF54-4D0F-9F15-5E8DDBA65FB4}.Debug|Any CPU.Build.0 = Debug|Any CPU
		{A323A915-AF54-4D0F-9F15-5E8DDBA65FB4}.Release|Any CPU.ActiveCfg = Release|Any CPU
		{A323A915-AF54-4D0F-9F15-5E8DDBA65FB4}.Release|Any CPU.Build.0 = Release|Any CPU
		{66F72102-A125-4A60-B1BF-275E6A173120}.Debug|Any CPU.ActiveCfg = Debug|Any CPU
		{66F72102-A125-4A60-B1BF-275E6A173120}.Debug|Any CPU.Build.0 = Debug|Any CPU
		{66F72102-A125-4A60-B1BF-275E6A173120}.Release|Any CPU.ActiveCfg = Release|Any CPU
		{66F72102-A125-4A60-B1BF-275E6A173120}.Release|Any CPU.Build.0 = Release|Any CPU
		{C8CB4B75-CF9A-465C-AE15-6B7819B130A1}.Debug|Any CPU.ActiveCfg = Debug|Any CPU
		{C8CB4B75-CF9A-465C-AE15-6B7819B130A1}.Debug|Any CPU.Build.0 = Debug|Any CPU
		{C8CB4B75-CF9A-465C-AE15-6B7819B130A1}.Release|Any CPU.ActiveCfg = Release|Any CPU
		{C8CB4B75-CF9A-465C-AE15-6B7819B130A1}.Release|Any CPU.Build.0 = Release|Any CPU
		{44633AA9-DA3C-4B0A-A2CA-9163E7089E66}.Debug|Any CPU.ActiveCfg = Debug|Any CPU
		{44633AA9-DA3C-4B0A-A2CA-9163E7089E66}.Debug|Any CPU.Build.0 = Debug|Any CPU
		{44633AA9-DA3C-4B0A-A2CA-9163E7089E66}.Release|Any CPU.ActiveCfg = Release|Any CPU
		{44633AA9-DA3C-4B0A-A2CA-9163E7089E66}.Release|Any CPU.Build.0 = Release|Any CPU
		{7305EF07-A175-41DC-BB84-07C1376E0C9F}.Debug|Any CPU.ActiveCfg = Debug|Any CPU
		{7305EF07-A175-41DC-BB84-07C1376E0C9F}.Debug|Any CPU.Build.0 = Debug|Any CPU
		{7305EF07-A175-41DC-BB84-07C1376E0C9F}.Release|Any CPU.ActiveCfg = Release|Any CPU
		{7305EF07-A175-41DC-BB84-07C1376E0C9F}.Release|Any CPU.Build.0 = Release|Any CPU
		{F9F029CF-3EE6-432E-BE5A-0FAA37D1A5F3}.Debug|Any CPU.ActiveCfg = Debug|Any CPU
		{F9F029CF-3EE6-432E-BE5A-0FAA37D1A5F3}.Debug|Any CPU.Build.0 = Debug|Any CPU
		{F9F029CF-3EE6-432E-BE5A-0FAA37D1A5F3}.Release|Any CPU.ActiveCfg = Release|Any CPU
		{F9F029CF-3EE6-432E-BE5A-0FAA37D1A5F3}.Release|Any CPU.Build.0 = Release|Any CPU
		{38674CB6-1DC1-4FDD-81BB-ABC7F71AE957}.Debug|Any CPU.ActiveCfg = Debug|Any CPU
		{38674CB6-1DC1-4FDD-81BB-ABC7F71AE957}.Debug|Any CPU.Build.0 = Debug|Any CPU
		{38674CB6-1DC1-4FDD-81BB-ABC7F71AE957}.Release|Any CPU.ActiveCfg = Release|Any CPU
		{38674CB6-1DC1-4FDD-81BB-ABC7F71AE957}.Release|Any CPU.Build.0 = Release|Any CPU
		{C277AF8F-6F3C-4E54-AD83-98A4232640A7}.Debug|Any CPU.ActiveCfg = Debug|Any CPU
		{C277AF8F-6F3C-4E54-AD83-98A4232640A7}.Debug|Any CPU.Build.0 = Debug|Any CPU
		{C277AF8F-6F3C-4E54-AD83-98A4232640A7}.Release|Any CPU.ActiveCfg = Release|Any CPU
		{C277AF8F-6F3C-4E54-AD83-98A4232640A7}.Release|Any CPU.Build.0 = Release|Any CPU
		{3BCFA064-AC20-4567-9CF2-AA50BFD6367A}.Debug|Any CPU.ActiveCfg = Debug|Any CPU
		{3BCFA064-AC20-4567-9CF2-AA50BFD6367A}.Debug|Any CPU.Build.0 = Debug|Any CPU
		{3BCFA064-AC20-4567-9CF2-AA50BFD6367A}.Release|Any CPU.ActiveCfg = Release|Any CPU
		{3BCFA064-AC20-4567-9CF2-AA50BFD6367A}.Release|Any CPU.Build.0 = Release|Any CPU
		{BAB4469B-2C46-40F9-A383-FBE8B67A8233}.Debug|Any CPU.ActiveCfg = Debug|Any CPU
		{BAB4469B-2C46-40F9-A383-FBE8B67A8233}.Debug|Any CPU.Build.0 = Debug|Any CPU
		{BAB4469B-2C46-40F9-A383-FBE8B67A8233}.Release|Any CPU.ActiveCfg = Release|Any CPU
		{BAB4469B-2C46-40F9-A383-FBE8B67A8233}.Release|Any CPU.Build.0 = Release|Any CPU
		{0BA2F8B7-9BA5-48A2-A786-13390A51F452}.Debug|Any CPU.ActiveCfg = Debug|Any CPU
		{0BA2F8B7-9BA5-48A2-A786-13390A51F452}.Debug|Any CPU.Build.0 = Debug|Any CPU
		{0BA2F8B7-9BA5-48A2-A786-13390A51F452}.Release|Any CPU.ActiveCfg = Release|Any CPU
		{0BA2F8B7-9BA5-48A2-A786-13390A51F452}.Release|Any CPU.Build.0 = Release|Any CPU
		{BBEA66A0-7649-4A65-9134-65CC1DF41717}.Debug|Any CPU.ActiveCfg = Debug|Any CPU
		{BBEA66A0-7649-4A65-9134-65CC1DF41717}.Debug|Any CPU.Build.0 = Debug|Any CPU
		{BBEA66A0-7649-4A65-9134-65CC1DF41717}.Release|Any CPU.ActiveCfg = Release|Any CPU
		{BBEA66A0-7649-4A65-9134-65CC1DF41717}.Release|Any CPU.Build.0 = Release|Any CPU
		{787AA936-85AD-48D9-960E-F83B43154A69}.Debug|Any CPU.ActiveCfg = Debug|Any CPU
		{787AA936-85AD-48D9-960E-F83B43154A69}.Debug|Any CPU.Build.0 = Debug|Any CPU
		{787AA936-85AD-48D9-960E-F83B43154A69}.Release|Any CPU.ActiveCfg = Release|Any CPU
		{787AA936-85AD-48D9-960E-F83B43154A69}.Release|Any CPU.Build.0 = Release|Any CPU
		{F5BE35C8-DC6C-4298-CE2B-0D574598ED93}.Debug|Any CPU.ActiveCfg = Debug|Any CPU
		{F5BE35C8-DC6C-4298-CE2B-0D574598ED93}.Debug|Any CPU.Build.0 = Debug|Any CPU
		{F5BE35C8-DC6C-4298-CE2B-0D574598ED93}.Release|Any CPU.ActiveCfg = Release|Any CPU
		{F5BE35C8-DC6C-4298-CE2B-0D574598ED93}.Release|Any CPU.Build.0 = Release|Any CPU
	EndGlobalSection
	GlobalSection(SolutionProperties) = preSolution
		HideSolutionNode = FALSE
	EndGlobalSection
	GlobalSection(NestedProjects) = preSolution
		{31497CE2-F9F6-450C-8C0E-B0F9F16A63C0} = {1D8489AA-15D9-4EEA-8615-CD9892216B3D}
		{B7444FBB-E650-4A1F-AC20-3924353B32DC} = {29595CEA-880F-46CA-B9CF-E770199CE3AA}
		{25CF96B0-2DA4-43FA-9E6F-380CEC44D56D} = {464FDC8D-4380-4125-B384-0A55FE9ADD47}
		{EFC5D840-120C-49D7-8063-DE0CA0DAFBD2} = {15EAE96D-4CAB-4539-B4C4-6D1A40F52297}
		{EA772A2A-9327-4840-9AE3-2A904C75C862} = {15EAE96D-4CAB-4539-B4C4-6D1A40F52297}
		{A323A915-AF54-4D0F-9F15-5E8DDBA65FB4} = {15EAE96D-4CAB-4539-B4C4-6D1A40F52297}
		{66F72102-A125-4A60-B1BF-275E6A173120} = {9097846F-4A73-4915-8C5B-215B83CF6991}
		{C8CB4B75-CF9A-465C-AE15-6B7819B130A1} = {9097846F-4A73-4915-8C5B-215B83CF6991}
		{44633AA9-DA3C-4B0A-A2CA-9163E7089E66} = {9097846F-4A73-4915-8C5B-215B83CF6991}
		{7305EF07-A175-41DC-BB84-07C1376E0C9F} = {5BCAF184-996C-47B8-9A02-4909A121E92E}
		{F9F029CF-3EE6-432E-BE5A-0FAA37D1A5F3} = {5BCAF184-996C-47B8-9A02-4909A121E92E}
		{38674CB6-1DC1-4FDD-81BB-ABC7F71AE957} = {5BCAF184-996C-47B8-9A02-4909A121E92E}
		{C277AF8F-6F3C-4E54-AD83-98A4232640A7} = {5BCAF184-996C-47B8-9A02-4909A121E92E}
		{3BCFA064-AC20-4567-9CF2-AA50BFD6367A} = {464FDC8D-4380-4125-B384-0A55FE9ADD47}
		{BAB4469B-2C46-40F9-A383-FBE8B67A8233} = {29595CEA-880F-46CA-B9CF-E770199CE3AA}
		{0BA2F8B7-9BA5-48A2-A786-13390A51F452} = {464FDC8D-4380-4125-B384-0A55FE9ADD47}
		{BBEA66A0-7649-4A65-9134-65CC1DF41717} = {464FDC8D-4380-4125-B384-0A55FE9ADD47}
		{787AA936-85AD-48D9-960E-F83B43154A69} = {464FDC8D-4380-4125-B384-0A55FE9ADD47}
		{F5BE35C8-DC6C-4298-CE2B-0D574598ED93} = {464FDC8D-4380-4125-B384-0A55FE9ADD47}
	EndGlobalSection
	GlobalSection(ExtensibilityGlobals) = postSolution
		SolutionGuid = {07F96706-A0E9-4590-819E-3841EC1BB7E5}
	EndGlobalSection
EndGlobal
