
Microsoft Visual Studio Solution File, Format Version 12.00
# Visual Studio Version 17
VisualStudioVersion = 17.8.34525.116
MinimumVisualStudioVersion = 10.0.40219.1
Project("{9A19103F-16F7-4668-BE54-9A1E7A4F7556}") = "MainApp", "MainApp\MainApp.csproj", "{6FF20B8A-1B7D-4BB9-AC3B-1EBD6BE210C6}"
EndProject
Project("{9A19103F-16F7-4668-BE54-9A1E7A4F7556}") = "MainApp.Common", "MainApp.Common\MainApp.Common.csproj", "{6022CE87-B5C8-44D3-B1CD-B52F455A4057}"
EndProject
Project("{2150E333-8FDC-42A3-9474-1A3956D46DE8}") = "App", "App", "{1D8489AA-15D9-4EEA-8615-CD9892216B3D}"
EndProject
Project("{2150E333-8FDC-42A3-9474-1A3956D46DE8}") = "1.AppHost", "1.AppHost", "{5BCAF184-996C-47B8-9A02-4909A121E92E}"
EndProject
Project("{9A19103F-16F7-4668-BE54-9A1E7A4F7556}") = "AppHost.Extensions.DependencyInjection", "AppHost.Extensions.DependencyInjection\AppHost.Extensions.DependencyInjection.csproj", "{840C3CE0-757C-4095-BA0D-5D3FE3C8EA16}"
EndProject
Project("{9A19103F-16F7-4668-BE54-9A1E7A4F7556}") = "AppHost.Builder", "AppHost.Builder\AppHost.Builder.csproj", "{190658C2-60E3-475A-9154-8A6DA4DA2594}"
EndProject
Project("{9A19103F-16F7-4668-BE54-9A1E7A4F7556}") = "AppHost.Extensions.Hosting", "AppHost.Extensions.Hosting\AppHost.Extensions.Hosting.csproj", "{FDC628D9-FCA8-462A-8F85-A85FA4EEB036}"
EndProject
Project("{9A19103F-16F7-4668-BE54-9A1E7A4F7556}") = "AppHost.Extensions.Configuration", "AppHost.Extensions.Configuration\AppHost.Extensions.Configuration.csproj", "{144AD2E6-7F27-4B0F-BD24-AEEF73C40742}"
EndProject
Project("{9A19103F-16F7-4668-BE54-9A1E7A4F7556}") = "MainApp.Models", "MainApp.Models\MainApp.Models.csproj", "{969CD1C0-36A4-4CBA-A832-AF96AAE8F3D0}"
EndProject
Project("{9A19103F-16F7-4668-BE54-9A1E7A4F7556}") = "MainApp.ViewModels", "MainApp.ViewModels\MainApp.ViewModels.csproj", "{A4EA93BC-3DAD-4BCF-9EB5-A53D5CF4F800}"
EndProject
Project("{2150E333-8FDC-42A3-9474-1A3956D46DE8}") = "3.Mods", "3.Mods", "{464FDC8D-4380-4125-B384-0A55FE9ADD47}"
EndProject
Project("{9A19103F-16F7-4668-BE54-9A1E7A4F7556}") = "MainApp.Mods.PPR", "MainApp.Mods.PPR\MainApp.Mods.PPR.csproj", "{82B292E2-0D36-45BB-B369-154D7270AE7A}"
EndProject
Project("{2150E333-8FDC-42A3-9474-1A3956D46DE8}") = "2.MainApp", "2.MainApp", "{15EAE96D-4CAB-4539-B4C4-6D1A40F52297}"
EndProject
Project("{9A19103F-16F7-4668-BE54-9A1E7A4F7556}") = "AppHost.Common", "AppHost.Common\AppHost.Common.csproj", "{1E0F286E-71BD-485C-B44C-7BD4A7E8869D}"
EndProject
Project("{9A19103F-16F7-4668-BE54-9A1E7A4F7556}") = "MainApp.Common.SupportPackage", "MainApp.SupportPackage\MainApp.Common.SupportPackage.csproj", "{A3E50B5F-4DF7-46F2-BC0E-6FF5DE249AD1}"
EndProject
Project("{9A19103F-16F7-4668-BE54-9A1E7A4F7556}") = "MainApp.Views", "MainApp.Views\MainApp.Views.csproj", "{1F7C42FD-F6B5-4906-8911-F3EB489CE2F7}"
EndProject
Project("{9A19103F-16F7-4668-BE54-9A1E7A4F7556}") = "MainApp.Mods", "MainApp.Mods\MainApp.Mods.csproj", "{59CFBDE8-A8C2-450B-8F60-BD518076C3F3}"
EndProject
Project("{9A19103F-16F7-4668-BE54-9A1E7A4F7556}") = "MainApp-Avalonia", "MainApp-Avalonia\MainApp-Avalonia.csproj", "{5A18FF82-4BBE-41D6-ADBB-871A7E83566F}"
EndProject
Project("{9A19103F-16F7-4668-BE54-9A1E7A4F7556}") = "MainApp-Avalonia.Desktop", "MainApp-Avalonia.Desktop\MainApp-Avalonia.Desktop.csproj", "{B179E3C8-54D1-4C88-B9FA-577748984B70}"
EndProject
Project("{9A19103F-16F7-4668-BE54-9A1E7A4F7556}") = "MainApp.Abstract", "MainApp.Abstract\MainApp.Abstract.csproj", "{1EFF0F99-DDA7-47B0-B209-F71C7015042D}"
EndProject
Project("{FAE04EC0-301F-11D3-BF4B-00C04F79EFBC}") = "MainApp.MainView", "MainApp.MainView\MainApp.MainView.csproj", "{8550D439-6548-4A6B-A51F-6F80B7EE5308}"
EndProject
Global
	GlobalSection(SolutionConfigurationPlatforms) = preSolution
		Debug|Any CPU = Debug|Any CPU
		Release|Any CPU = Release|Any CPU
	EndGlobalSection
	GlobalSection(ProjectConfigurationPlatforms) = postSolution
		{6FF20B8A-1B7D-4BB9-AC3B-1EBD6BE210C6}.Debug|Any CPU.ActiveCfg = Debug|Any CPU
		{6FF20B8A-1B7D-4BB9-AC3B-1EBD6BE210C6}.Debug|Any CPU.Build.0 = Debug|Any CPU
		{6FF20B8A-1B7D-4BB9-AC3B-1EBD6BE210C6}.Release|Any CPU.ActiveCfg = Release|Any CPU
		{6FF20B8A-1B7D-4BB9-AC3B-1EBD6BE210C6}.Release|Any CPU.Build.0 = Release|Any CPU
		{6022CE87-B5C8-44D3-B1CD-B52F455A4057}.Debug|Any CPU.ActiveCfg = Debug|Any CPU
		{6022CE87-B5C8-44D3-B1CD-B52F455A4057}.Debug|Any CPU.Build.0 = Debug|Any CPU
		{6022CE87-B5C8-44D3-B1CD-B52F455A4057}.Release|Any CPU.ActiveCfg = Release|Any CPU
		{6022CE87-B5C8-44D3-B1CD-B52F455A4057}.Release|Any CPU.Build.0 = Release|Any CPU
		{840C3CE0-757C-4095-BA0D-5D3FE3C8EA16}.Debug|Any CPU.ActiveCfg = Debug|Any CPU
		{840C3CE0-757C-4095-BA0D-5D3FE3C8EA16}.Debug|Any CPU.Build.0 = Debug|Any CPU
		{840C3CE0-757C-4095-BA0D-5D3FE3C8EA16}.Release|Any CPU.ActiveCfg = Release|Any CPU
		{840C3CE0-757C-4095-BA0D-5D3FE3C8EA16}.Release|Any CPU.Build.0 = Release|Any CPU
		{190658C2-60E3-475A-9154-8A6DA4DA2594}.Debug|Any CPU.ActiveCfg = Debug|Any CPU
		{190658C2-60E3-475A-9154-8A6DA4DA2594}.Debug|Any CPU.Build.0 = Debug|Any CPU
		{190658C2-60E3-475A-9154-8A6DA4DA2594}.Release|Any CPU.ActiveCfg = Release|Any CPU
		{190658C2-60E3-475A-9154-8A6DA4DA2594}.Release|Any CPU.Build.0 = Release|Any CPU
		{FDC628D9-FCA8-462A-8F85-A85FA4EEB036}.Debug|Any CPU.ActiveCfg = Debug|Any CPU
		{FDC628D9-FCA8-462A-8F85-A85FA4EEB036}.Debug|Any CPU.Build.0 = Debug|Any CPU
		{FDC628D9-FCA8-462A-8F85-A85FA4EEB036}.Release|Any CPU.ActiveCfg = Release|Any CPU
		{FDC628D9-FCA8-462A-8F85-A85FA4EEB036}.Release|Any CPU.Build.0 = Release|Any CPU
		{144AD2E6-7F27-4B0F-BD24-AEEF73C40742}.Debug|Any CPU.ActiveCfg = Debug|Any CPU
		{144AD2E6-7F27-4B0F-BD24-AEEF73C40742}.Debug|Any CPU.Build.0 = Debug|Any CPU
		{144AD2E6-7F27-4B0F-BD24-AEEF73C40742}.Release|Any CPU.ActiveCfg = Release|Any CPU
		{144AD2E6-7F27-4B0F-BD24-AEEF73C40742}.Release|Any CPU.Build.0 = Release|Any CPU
		{969CD1C0-36A4-4CBA-A832-AF96AAE8F3D0}.Debug|Any CPU.ActiveCfg = Debug|Any CPU
		{969CD1C0-36A4-4CBA-A832-AF96AAE8F3D0}.Debug|Any CPU.Build.0 = Debug|Any CPU
		{969CD1C0-36A4-4CBA-A832-AF96AAE8F3D0}.Release|Any CPU.ActiveCfg = Release|Any CPU
		{969CD1C0-36A4-4CBA-A832-AF96AAE8F3D0}.Release|Any CPU.Build.0 = Release|Any CPU
		{A4EA93BC-3DAD-4BCF-9EB5-A53D5CF4F800}.Debug|Any CPU.ActiveCfg = Debug|Any CPU
		{A4EA93BC-3DAD-4BCF-9EB5-A53D5CF4F800}.Debug|Any CPU.Build.0 = Debug|Any CPU
		{A4EA93BC-3DAD-4BCF-9EB5-A53D5CF4F800}.Release|Any CPU.ActiveCfg = Release|Any CPU
		{A4EA93BC-3DAD-4BCF-9EB5-A53D5CF4F800}.Release|Any CPU.Build.0 = Release|Any CPU
		{82B292E2-0D36-45BB-B369-154D7270AE7A}.Debug|Any CPU.ActiveCfg = Debug|Any CPU
		{82B292E2-0D36-45BB-B369-154D7270AE7A}.Debug|Any CPU.Build.0 = Debug|Any CPU
		{82B292E2-0D36-45BB-B369-154D7270AE7A}.Release|Any CPU.ActiveCfg = Release|Any CPU
		{82B292E2-0D36-45BB-B369-154D7270AE7A}.Release|Any CPU.Build.0 = Release|Any CPU
		{1E0F286E-71BD-485C-B44C-7BD4A7E8869D}.Debug|Any CPU.ActiveCfg = Debug|Any CPU
		{1E0F286E-71BD-485C-B44C-7BD4A7E8869D}.Debug|Any CPU.Build.0 = Debug|Any CPU
		{1E0F286E-71BD-485C-B44C-7BD4A7E8869D}.Release|Any CPU.ActiveCfg = Release|Any CPU
		{1E0F286E-71BD-485C-B44C-7BD4A7E8869D}.Release|Any CPU.Build.0 = Release|Any CPU
		{A3E50B5F-4DF7-46F2-BC0E-6FF5DE249AD1}.Debug|Any CPU.ActiveCfg = Debug|Any CPU
		{A3E50B5F-4DF7-46F2-BC0E-6FF5DE249AD1}.Debug|Any CPU.Build.0 = Debug|Any CPU
		{A3E50B5F-4DF7-46F2-BC0E-6FF5DE249AD1}.Release|Any CPU.ActiveCfg = Release|Any CPU
		{A3E50B5F-4DF7-46F2-BC0E-6FF5DE249AD1}.Release|Any CPU.Build.0 = Release|Any CPU
		{1F7C42FD-F6B5-4906-8911-F3EB489CE2F7}.Debug|Any CPU.ActiveCfg = Debug|Any CPU
		{1F7C42FD-F6B5-4906-8911-F3EB489CE2F7}.Debug|Any CPU.Build.0 = Debug|Any CPU
		{1F7C42FD-F6B5-4906-8911-F3EB489CE2F7}.Release|Any CPU.ActiveCfg = Release|Any CPU
		{1F7C42FD-F6B5-4906-8911-F3EB489CE2F7}.Release|Any CPU.Build.0 = Release|Any CPU
		{59CFBDE8-A8C2-450B-8F60-BD518076C3F3}.Debug|Any CPU.ActiveCfg = Debug|Any CPU
		{59CFBDE8-A8C2-450B-8F60-BD518076C3F3}.Debug|Any CPU.Build.0 = Debug|Any CPU
		{59CFBDE8-A8C2-450B-8F60-BD518076C3F3}.Release|Any CPU.ActiveCfg = Release|Any CPU
		{59CFBDE8-A8C2-450B-8F60-BD518076C3F3}.Release|Any CPU.Build.0 = Release|Any CPU
		{5A18FF82-4BBE-41D6-ADBB-871A7E83566F}.Debug|Any CPU.ActiveCfg = Debug|Any CPU
		{5A18FF82-4BBE-41D6-ADBB-871A7E83566F}.Debug|Any CPU.Build.0 = Debug|Any CPU
		{5A18FF82-4BBE-41D6-ADBB-871A7E83566F}.Release|Any CPU.ActiveCfg = Release|Any CPU
		{5A18FF82-4BBE-41D6-ADBB-871A7E83566F}.Release|Any CPU.Build.0 = Release|Any CPU
		{B179E3C8-54D1-4C88-B9FA-577748984B70}.Debug|Any CPU.ActiveCfg = Debug|Any CPU
		{B179E3C8-54D1-4C88-B9FA-577748984B70}.Debug|Any CPU.Build.0 = Debug|Any CPU
		{B179E3C8-54D1-4C88-B9FA-577748984B70}.Release|Any CPU.ActiveCfg = Release|Any CPU
		{B179E3C8-54D1-4C88-B9FA-577748984B70}.Release|Any CPU.Build.0 = Release|Any CPU
		{1EFF0F99-DDA7-47B0-B209-F71C7015042D}.Debug|Any CPU.ActiveCfg = Debug|Any CPU
		{1EFF0F99-DDA7-47B0-B209-F71C7015042D}.Debug|Any CPU.Build.0 = Debug|Any CPU
		{1EFF0F99-DDA7-47B0-B209-F71C7015042D}.Release|Any CPU.ActiveCfg = Release|Any CPU
		{1EFF0F99-DDA7-47B0-B209-F71C7015042D}.Release|Any CPU.Build.0 = Release|Any CPU
		{8550D439-6548-4A6B-A51F-6F80B7EE5308}.Debug|Any CPU.ActiveCfg = Debug|Any CPU
		{8550D439-6548-4A6B-A51F-6F80B7EE5308}.Debug|Any CPU.Build.0 = Debug|Any CPU
		{8550D439-6548-4A6B-A51F-6F80B7EE5308}.Release|Any CPU.ActiveCfg = Release|Any CPU
		{8550D439-6548-4A6B-A51F-6F80B7EE5308}.Release|Any CPU.Build.0 = Release|Any CPU
	EndGlobalSection
	GlobalSection(SolutionProperties) = preSolution
		HideSolutionNode = FALSE
	EndGlobalSection
	GlobalSection(NestedProjects) = preSolution
		{6FF20B8A-1B7D-4BB9-AC3B-1EBD6BE210C6} = {1D8489AA-15D9-4EEA-8615-CD9892216B3D}
		{6022CE87-B5C8-44D3-B1CD-B52F455A4057} = {15EAE96D-4CAB-4539-B4C4-6D1A40F52297}
		{840C3CE0-757C-4095-BA0D-5D3FE3C8EA16} = {5BCAF184-996C-47B8-9A02-4909A121E92E}
		{190658C2-60E3-475A-9154-8A6DA4DA2594} = {5BCAF184-996C-47B8-9A02-4909A121E92E}
		{FDC628D9-FCA8-462A-8F85-A85FA4EEB036} = {5BCAF184-996C-47B8-9A02-4909A121E92E}
		{144AD2E6-7F27-4B0F-BD24-AEEF73C40742} = {5BCAF184-996C-47B8-9A02-4909A121E92E}
		{969CD1C0-36A4-4CBA-A832-AF96AAE8F3D0} = {15EAE96D-4CAB-4539-B4C4-6D1A40F52297}
		{A4EA93BC-3DAD-4BCF-9EB5-A53D5CF4F800} = {15EAE96D-4CAB-4539-B4C4-6D1A40F52297}
		{82B292E2-0D36-45BB-B369-154D7270AE7A} = {464FDC8D-4380-4125-B384-0A55FE9ADD47}
		{1E0F286E-71BD-485C-B44C-7BD4A7E8869D} = {5BCAF184-996C-47B8-9A02-4909A121E92E}
		{A3E50B5F-4DF7-46F2-BC0E-6FF5DE249AD1} = {15EAE96D-4CAB-4539-B4C4-6D1A40F52297}
		{1F7C42FD-F6B5-4906-8911-F3EB489CE2F7} = {15EAE96D-4CAB-4539-B4C4-6D1A40F52297}
		{59CFBDE8-A8C2-450B-8F60-BD518076C3F3} = {15EAE96D-4CAB-4539-B4C4-6D1A40F52297}
		{5A18FF82-4BBE-41D6-ADBB-871A7E83566F} = {1D8489AA-15D9-4EEA-8615-CD9892216B3D}
		{B179E3C8-54D1-4C88-B9FA-577748984B70} = {1D8489AA-15D9-4EEA-8615-CD9892216B3D}
		{1EFF0F99-DDA7-47B0-B209-F71C7015042D} = {15EAE96D-4CAB-4539-B4C4-6D1A40F52297}
		{8550D439-6548-4A6B-A51F-6F80B7EE5308} = {15EAE96D-4CAB-4539-B4C4-6D1A40F52297}
	EndGlobalSection
	GlobalSection(ExtensibilityGlobals) = postSolution
		SolutionGuid = {07F96706-A0E9-4590-819E-3841EC1BB7E5}
	EndGlobalSection
EndGlobal
